// !$*UTF8*$!
{
	archiveVersion = 1;
	classes = {
	};
	objectVersion = 51;
	objects = {

/* Begin PBXBuildFile section */
		8550C06526FB532000B17B3D /* image_upload.swift in Sources */ = {isa = PBXBuildFile; fileRef = 8550C06426FB532000B17B3D /* image_upload.swift */; };
		8550C06726FB59A600B17B3D /* ImagePicker.swift in Sources */ = {isa = PBXBuildFile; fileRef = 8550C06626FB59A600B17B3D /* ImagePicker.swift */; };
		8550C06926FC6B1D00B17B3D /* NFT_Content.swift in Sources */ = {isa = PBXBuildFile; fileRef = 8550C06826FC6B1D00B17B3D /* NFT_Content.swift */; };
		85585EFD2700AAF500A10C15 /* toNFTjson.swift in Sources */ = {isa = PBXBuildFile; fileRef = 85585EFC2700AAF500A10C15 /* toNFTjson.swift */; };
		85952A9326F33F450035B32C /* WCDBManager.swift in Sources */ = {isa = PBXBuildFile; fileRef = 85952A9226F33F450035B32C /* WCDBManager.swift */; };
		85A4BC9626ECD54A00DCB769 /* megawalletApp.swift in Sources */ = {isa = PBXBuildFile; fileRef = 85A4BC9526ECD54A00DCB769 /* megawalletApp.swift */; };
		85A4BC9826ECD54A00DCB769 /* ContentView.swift in Sources */ = {isa = PBXBuildFile; fileRef = 85A4BC9726ECD54A00DCB769 /* ContentView.swift */; };
		85A4BC9A26ECD54B00DCB769 /* Assets.xcassets in Resources */ = {isa = PBXBuildFile; fileRef = 85A4BC9926ECD54B00DCB769 /* Assets.xcassets */; };
		85A4BC9D26ECD54C00DCB769 /* Preview Assets.xcassets in Resources */ = {isa = PBXBuildFile; fileRef = 85A4BC9C26ECD54C00DCB769 /* Preview Assets.xcassets */; };
		85A4BCA526ECD62200DCB769 /* filewallet.swift in Sources */ = {isa = PBXBuildFile; fileRef = 85A4BCA426ECD62200DCB769 /* filewallet.swift */; };
		85A4BCA926ECD65900DCB769 /* wallet_import.swift in Sources */ = {isa = PBXBuildFile; fileRef = 85A4BCA826ECD65900DCB769 /* wallet_import.swift */; };
		85A4BCAB26ECD67E00DCB769 /* wallet_create.swift in Sources */ = {isa = PBXBuildFile; fileRef = 85A4BCAA26ECD67E00DCB769 /* wallet_create.swift */; };
		85D9D9CB26FDF4F10049456E /* wallet_Transaction.swift in Sources */ = {isa = PBXBuildFile; fileRef = 85D9D9CA26FDF4F10049456E /* wallet_Transaction.swift */; };
		E4C8E8BA35C26D74C7696972 /* Pods_megawallet.framework in Frameworks */ = {isa = PBXBuildFile; fileRef = A13452DA8B2A639A5954D010 /* Pods_megawallet.framework */; };
/* End PBXBuildFile section */

/* Begin PBXFileReference section */
		8550C06426FB532000B17B3D /* image_upload.swift */ = {isa = PBXFileReference; lastKnownFileType = sourcecode.swift; path = image_upload.swift; sourceTree = "<group>"; };
		8550C06626FB59A600B17B3D /* ImagePicker.swift */ = {isa = PBXFileReference; lastKnownFileType = sourcecode.swift; path = ImagePicker.swift; sourceTree = "<group>"; };
		8550C06826FC6B1D00B17B3D /* NFT_Content.swift */ = {isa = PBXFileReference; lastKnownFileType = sourcecode.swift; path = NFT_Content.swift; sourceTree = "<group>"; };
		85585EFC2700AAF500A10C15 /* toNFTjson.swift */ = {isa = PBXFileReference; lastKnownFileType = sourcecode.swift; path = toNFTjson.swift; sourceTree = "<group>"; };
		85952A9226F33F450035B32C /* WCDBManager.swift */ = {isa = PBXFileReference; lastKnownFileType = sourcecode.swift; path = WCDBManager.swift; sourceTree = "<group>"; };
		85A4BC9226ECD54A00DCB769 /* megawallet.app */ = {isa = PBXFileReference; explicitFileType = wrapper.application; includeInIndex = 0; path = megawallet.app; sourceTree = BUILT_PRODUCTS_DIR; };
		85A4BC9526ECD54A00DCB769 /* megawalletApp.swift */ = {isa = PBXFileReference; lastKnownFileType = sourcecode.swift; path = megawalletApp.swift; sourceTree = "<group>"; };
		85A4BC9726ECD54A00DCB769 /* ContentView.swift */ = {isa = PBXFileReference; lastKnownFileType = sourcecode.swift; path = ContentView.swift; sourceTree = "<group>"; };
		85A4BC9926ECD54B00DCB769 /* Assets.xcassets */ = {isa = PBXFileReference; lastKnownFileType = folder.assetcatalog; path = Assets.xcassets; sourceTree = "<group>"; };
		85A4BC9C26ECD54C00DCB769 /* Preview Assets.xcassets */ = {isa = PBXFileReference; lastKnownFileType = folder.assetcatalog; path = "Preview Assets.xcassets"; sourceTree = "<group>"; };
		85A4BC9E26ECD54C00DCB769 /* Info.plist */ = {isa = PBXFileReference; lastKnownFileType = text.plist.xml; path = Info.plist; sourceTree = "<group>"; };
		85A4BCA426ECD62200DCB769 /* filewallet.swift */ = {isa = PBXFileReference; lastKnownFileType = sourcecode.swift; path = filewallet.swift; sourceTree = "<group>"; };
		85A4BCA826ECD65900DCB769 /* wallet_import.swift */ = {isa = PBXFileReference; lastKnownFileType = sourcecode.swift; path = wallet_import.swift; sourceTree = "<group>"; };
		85A4BCAA26ECD67E00DCB769 /* wallet_create.swift */ = {isa = PBXFileReference; lastKnownFileType = sourcecode.swift; path = wallet_create.swift; sourceTree = "<group>"; };
		85D9D9CA26FDF4F10049456E /* wallet_Transaction.swift */ = {isa = PBXFileReference; lastKnownFileType = sourcecode.swift; path = wallet_Transaction.swift; sourceTree = "<group>"; };
		85DF534C2717123300B4F979 /* MyPlayground.playground */ = {isa = PBXFileReference; lastKnownFileType = file.playground; path = MyPlayground.playground; sourceTree = "<group>"; xcLanguageSpecificationIdentifier = xcode.lang.swift; };
		A13452DA8B2A639A5954D010 /* Pods_megawallet.framework */ = {isa = PBXFileReference; explicitFileType = wrapper.framework; includeInIndex = 0; path = Pods_megawallet.framework; sourceTree = BUILT_PRODUCTS_DIR; };
		AAC857FD914BD63885A05985 /* Pods-megawallet.release.xcconfig */ = {isa = PBXFileReference; includeInIndex = 1; lastKnownFileType = text.xcconfig; name = "Pods-megawallet.release.xcconfig"; path = "Target Support Files/Pods-megawallet/Pods-megawallet.release.xcconfig"; sourceTree = "<group>"; };
		E0C1FE35469D845B3896F567 /* Pods-megawallet.debug.xcconfig */ = {isa = PBXFileReference; includeInIndex = 1; lastKnownFileType = text.xcconfig; name = "Pods-megawallet.debug.xcconfig"; path = "Target Support Files/Pods-megawallet/Pods-megawallet.debug.xcconfig"; sourceTree = "<group>"; };
/* End PBXFileReference section */

/* Begin PBXFrameworksBuildPhase section */
		85A4BC8F26ECD54A00DCB769 /* Frameworks */ = {
			isa = PBXFrameworksBuildPhase;
			buildActionMask = 2147483647;
			files = (
				E4C8E8BA35C26D74C7696972 /* Pods_megawallet.framework in Frameworks */,
			);
			runOnlyForDeploymentPostprocessing = 0;
		};
/* End PBXFrameworksBuildPhase section */

/* Begin PBXGroup section */
		48FB5D31E1F035B41D3588F4 /* Pods */ = {
			isa = PBXGroup;
			children = (
				E0C1FE35469D845B3896F567 /* Pods-megawallet.debug.xcconfig */,
				AAC857FD914BD63885A05985 /* Pods-megawallet.release.xcconfig */,
			);
			path = Pods;
			sourceTree = "<group>";
		};
		59EE61810430671D534BEF38 /* Frameworks */ = {
			isa = PBXGroup;
			children = (
				A13452DA8B2A639A5954D010 /* Pods_megawallet.framework */,
			);
			name = Frameworks;
			sourceTree = "<group>";
		};
		85A4BC8926ECD54A00DCB769 = {
			isa = PBXGroup;
			children = (
				85A4BC9426ECD54A00DCB769 /* megawallet */,
				85A4BC9326ECD54A00DCB769 /* Products */,
				48FB5D31E1F035B41D3588F4 /* Pods */,
				59EE61810430671D534BEF38 /* Frameworks */,
			);
			sourceTree = "<group>";
		};
		85A4BC9326ECD54A00DCB769 /* Products */ = {
			isa = PBXGroup;
			children = (
				85A4BC9226ECD54A00DCB769 /* megawallet.app */,
			);
			name = Products;
			sourceTree = "<group>";
		};
		85A4BC9426ECD54A00DCB769 /* megawallet */ = {
			isa = PBXGroup;
			children = (
				85A4BC9526ECD54A00DCB769 /* megawalletApp.swift */,
				85A4BC9726ECD54A00DCB769 /* ContentView.swift */,
				85A4BC9926ECD54B00DCB769 /* Assets.xcassets */,
				85A4BC9E26ECD54C00DCB769 /* Info.plist */,
				85A4BC9B26ECD54C00DCB769 /* Preview Content */,
				85A4BCA426ECD62200DCB769 /* filewallet.swift */,
				85A4BCA826ECD65900DCB769 /* wallet_import.swift */,
				85A4BCAA26ECD67E00DCB769 /* wallet_create.swift */,
				85952A9226F33F450035B32C /* WCDBManager.swift */,
				8550C06426FB532000B17B3D /* image_upload.swift */,
				8550C06626FB59A600B17B3D /* ImagePicker.swift */,
				8550C06826FC6B1D00B17B3D /* NFT_Content.swift */,
				85D9D9CA26FDF4F10049456E /* wallet_Transaction.swift */,
				85585EFC2700AAF500A10C15 /* toNFTjson.swift */,
				85DF534C2717123300B4F979 /* MyPlayground.playground */,
			);
			path = megawallet;
			sourceTree = "<group>";
		};
		85A4BC9B26ECD54C00DCB769 /* Preview Content */ = {
			isa = PBXGroup;
			children = (
				85A4BC9C26ECD54C00DCB769 /* Preview Assets.xcassets */,
			);
			path = "Preview Content";
			sourceTree = "<group>";
		};
/* End PBXGroup section */

/* Begin PBXNativeTarget section */
		85A4BC9126ECD54A00DCB769 /* megawallet */ = {
			isa = PBXNativeTarget;
			buildConfigurationList = 85A4BCA126ECD54C00DCB769 /* Build configuration list for PBXNativeTarget "megawallet" */;
			buildPhases = (
				2BA4A320AD134E4C91BE9BDF /* [CP] Check Pods Manifest.lock */,
				85A4BC8E26ECD54A00DCB769 /* Sources */,
				85A4BC8F26ECD54A00DCB769 /* Frameworks */,
				85A4BC9026ECD54A00DCB769 /* Resources */,
				5EE93043C1D31644DAB69BA0 /* [CP] Embed Pods Frameworks */,
			);
			buildRules = (
			);
			dependencies = (
			);
			name = megawallet;
			productName = megawallet;
			productReference = 85A4BC9226ECD54A00DCB769 /* megawallet.app */;
			productType = "com.apple.product-type.application";
		};
/* End PBXNativeTarget section */

/* Begin PBXProject section */
		85A4BC8A26ECD54A00DCB769 /* Project object */ = {
			isa = PBXProject;
			attributes = {
				LastSwiftUpdateCheck = 1250;
				LastUpgradeCheck = 1250;
				TargetAttributes = {
					85A4BC9126ECD54A00DCB769 = {
						CreatedOnToolsVersion = 12.5.1;
					};
				};
			};
			buildConfigurationList = 85A4BC8D26ECD54A00DCB769 /* Build configuration list for PBXProject "megawallet" */;
			compatibilityVersion = "Xcode 9.3";
			developmentRegion = en;
			hasScannedForEncodings = 0;
			knownRegions = (
				en,
				Base,
			);
			mainGroup = 85A4BC8926ECD54A00DCB769;
			productRefGroup = 85A4BC9326ECD54A00DCB769 /* Products */;
			projectDirPath = "";
			projectRoot = "";
			targets = (
				85A4BC9126ECD54A00DCB769 /* megawallet */,
			);
		};
/* End PBXProject section */

/* Begin PBXResourcesBuildPhase section */
		85A4BC9026ECD54A00DCB769 /* Resources */ = {
			isa = PBXResourcesBuildPhase;
			buildActionMask = 2147483647;
			files = (
				85A4BC9D26ECD54C00DCB769 /* Preview Assets.xcassets in Resources */,
				85A4BC9A26ECD54B00DCB769 /* Assets.xcassets in Resources */,
			);
			runOnlyForDeploymentPostprocessing = 0;
		};
/* End PBXResourcesBuildPhase section */

/* Begin PBXShellScriptBuildPhase section */
		2BA4A320AD134E4C91BE9BDF /* [CP] Check Pods Manifest.lock */ = {
			isa = PBXShellScriptBuildPhase;
			buildActionMask = 2147483647;
			files = (
			);
			inputFileListPaths = (
			);
			inputPaths = (
				"${PODS_PODFILE_DIR_PATH}/Podfile.lock",
				"${PODS_ROOT}/Manifest.lock",
			);
			name = "[CP] Check Pods Manifest.lock";
			outputFileListPaths = (
			);
			outputPaths = (
				"$(DERIVED_FILE_DIR)/Pods-megawallet-checkManifestLockResult.txt",
			);
			runOnlyForDeploymentPostprocessing = 0;
			shellPath = /bin/sh;
			shellScript = "diff \"${PODS_PODFILE_DIR_PATH}/Podfile.lock\" \"${PODS_ROOT}/Manifest.lock\" > /dev/null\nif [ $? != 0 ] ; then\n    # print error to STDERR\n    echo \"error: The sandbox is not in sync with the Podfile.lock. Run 'pod install' or update your CocoaPods installation.\" >&2\n    exit 1\nfi\n# This output is used by Xcode 'outputs' to avoid re-running this script phase.\necho \"SUCCESS\" > \"${SCRIPT_OUTPUT_FILE_0}\"\n";
			showEnvVarsInLog = 0;
		};
		5EE93043C1D31644DAB69BA0 /* [CP] Embed Pods Frameworks */ = {
			isa = PBXShellScriptBuildPhase;
			buildActionMask = 2147483647;
			files = (
			);
			inputFileListPaths = (
				"${PODS_ROOT}/Target Support Files/Pods-megawallet/Pods-megawallet-frameworks-${CONFIGURATION}-input-files.xcfilelist",
			);
			name = "[CP] Embed Pods Frameworks";
			outputFileListPaths = (
				"${PODS_ROOT}/Target Support Files/Pods-megawallet/Pods-megawallet-frameworks-${CONFIGURATION}-output-files.xcfilelist",
			);
			runOnlyForDeploymentPostprocessing = 0;
			shellPath = /bin/sh;
			shellScript = "\"${PODS_ROOT}/Target Support Files/Pods-megawallet/Pods-megawallet-frameworks.sh\"\n";
			showEnvVarsInLog = 0;
		};
/* End PBXShellScriptBuildPhase section */

/* Begin PBXSourcesBuildPhase section */
		85A4BC8E26ECD54A00DCB769 /* Sources */ = {
			isa = PBXSourcesBuildPhase;
			buildActionMask = 2147483647;
			files = (
				85A4BC9826ECD54A00DCB769 /* ContentView.swift in Sources */,
				85A4BCAB26ECD67E00DCB769 /* wallet_create.swift in Sources */,
				85A4BCA526ECD62200DCB769 /* filewallet.swift in Sources */,
				85D9D9CB26FDF4F10049456E /* wallet_Transaction.swift in Sources */,
				8550C06526FB532000B17B3D /* image_upload.swift in Sources */,
				85952A9326F33F450035B32C /* WCDBManager.swift in Sources */,
				8550C06726FB59A600B17B3D /* ImagePicker.swift in Sources */,
				85A4BCA926ECD65900DCB769 /* wallet_import.swift in Sources */,
				85585EFD2700AAF500A10C15 /* toNFTjson.swift in Sources */,
				85A4BC9626ECD54A00DCB769 /* megawalletApp.swift in Sources */,
				8550C06926FC6B1D00B17B3D /* NFT_Content.swift in Sources */,
			);
			runOnlyForDeploymentPostprocessing = 0;
		};
/* End PBXSourcesBuildPhase section */

/* Begin XCBuildConfiguration section */
		85A4BC9F26ECD54C00DCB769 /* Debug */ = {
			isa = XCBuildConfiguration;
			buildSettings = {
				ALWAYS_SEARCH_USER_PATHS = NO;
				CLANG_ANALYZER_NONNULL = YES;
				CLANG_ANALYZER_NUMBER_OBJECT_CONVERSION = YES_AGGRESSIVE;
				CLANG_CXX_LANGUAGE_STANDARD = "gnu++14";
				CLANG_CXX_LIBRARY = "libc++";
				CLANG_ENABLE_MODULES = YES;
				CLANG_ENABLE_OBJC_ARC = YES;
				CLANG_ENABLE_OBJC_WEAK = YES;
				CLANG_WARN_BLOCK_CAPTURE_AUTORELEASING = YES;
				CLANG_WARN_BOOL_CONVERSION = YES;
				CLANG_WARN_COMMA = YES;
				CLANG_WARN_CONSTANT_CONVERSION = YES;
				CLANG_WARN_DEPRECATED_OBJC_IMPLEMENTATIONS = YES;
				CLANG_WARN_DIRECT_OBJC_ISA_USAGE = YES_ERROR;
				CLANG_WARN_DOCUMENTATION_COMMENTS = YES;
				CLANG_WARN_EMPTY_BODY = YES;
				CLANG_WARN_ENUM_CONVERSION = YES;
				CLANG_WARN_INFINITE_RECURSION = YES;
				CLANG_WARN_INT_CONVERSION = YES;
				CLANG_WARN_NON_LITERAL_NULL_CONVERSION = YES;
				CLANG_WARN_OBJC_IMPLICIT_RETAIN_SELF = YES;
				CLANG_WARN_OBJC_LITERAL_CONVERSION = YES;
				CLANG_WARN_OBJC_ROOT_CLASS = YES_ERROR;
				CLANG_WARN_QUOTED_INCLUDE_IN_FRAMEWORK_HEADER = YES;
				CLANG_WARN_RANGE_LOOP_ANALYSIS = YES;
				CLANG_WARN_STRICT_PROTOTYPES = YES;
				CLANG_WARN_SUSPICIOUS_MOVE = YES;
				CLANG_WARN_UNGUARDED_AVAILABILITY = YES_AGGRESSIVE;
				CLANG_WARN_UNREACHABLE_CODE = YES;
				CLANG_WARN__DUPLICATE_METHOD_MATCH = YES;
				COPY_PHASE_STRIP = NO;
				DEBUG_INFORMATION_FORMAT = dwarf;
				ENABLE_STRICT_OBJC_MSGSEND = YES;
				ENABLE_TESTABILITY = YES;
				GCC_C_LANGUAGE_STANDARD = gnu11;
				GCC_DYNAMIC_NO_PIC = NO;
				GCC_NO_COMMON_BLOCKS = YES;
				GCC_OPTIMIZATION_LEVEL = 0;
				GCC_PREPROCESSOR_DEFINITIONS = (
					"DEBUG=1",
					"$(inherited)",
				);
				GCC_WARN_64_TO_32_BIT_CONVERSION = YES;
				GCC_WARN_ABOUT_RETURN_TYPE = YES_ERROR;
				GCC_WARN_UNDECLARED_SELECTOR = YES;
				GCC_WARN_UNINITIALIZED_AUTOS = YES_AGGRESSIVE;
				GCC_WARN_UNUSED_FUNCTION = YES;
				GCC_WARN_UNUSED_VARIABLE = YES;
				IPHONEOS_DEPLOYMENT_TARGET = 14.5;
				MTL_ENABLE_DEBUG_INFO = INCLUDE_SOURCE;
				MTL_FAST_MATH = YES;
				ONLY_ACTIVE_ARCH = YES;
				SDKROOT = iphoneos;
				SWIFT_ACTIVE_COMPILATION_CONDITIONS = DEBUG;
				SWIFT_OPTIMIZATION_LEVEL = "-Onone";
			};
			name = Debug;
		};
		85A4BCA026ECD54C00DCB769 /* Release */ = {
			isa = XCBuildConfiguration;
			buildSettings = {
				ALWAYS_SEARCH_USER_PATHS = NO;
				CLANG_ANALYZER_NONNULL = YES;
				CLANG_ANALYZER_NUMBER_OBJECT_CONVERSION = YES_AGGRESSIVE;
				CLANG_CXX_LANGUAGE_STANDARD = "gnu++14";
				CLANG_CXX_LIBRARY = "libc++";
				CLANG_ENABLE_MODULES = YES;
				CLANG_ENABLE_OBJC_ARC = YES;
				CLANG_ENABLE_OBJC_WEAK = YES;
				CLANG_WARN_BLOCK_CAPTURE_AUTORELEASING = YES;
				CLANG_WARN_BOOL_CONVERSION = YES;
				CLANG_WARN_COMMA = YES;
				CLANG_WARN_CONSTANT_CONVERSION = YES;
				CLANG_WARN_DEPRECATED_OBJC_IMPLEMENTATIONS = YES;
				CLANG_WARN_DIRECT_OBJC_ISA_USAGE = YES_ERROR;
				CLANG_WARN_DOCUMENTATION_COMMENTS = YES;
				CLANG_WARN_EMPTY_BODY = YES;
				CLANG_WARN_ENUM_CONVERSION = YES;
				CLANG_WARN_INFINITE_RECURSION = YES;
				CLANG_WARN_INT_CONVERSION = YES;
				CLANG_WARN_NON_LITERAL_NULL_CONVERSION = YES;
				CLANG_WARN_OBJC_IMPLICIT_RETAIN_SELF = YES;
				CLANG_WARN_OBJC_LITERAL_CONVERSION = YES;
				CLANG_WARN_OBJC_ROOT_CLASS = YES_ERROR;
				CLANG_WARN_QUOTED_INCLUDE_IN_FRAMEWORK_HEADER = YES;
				CLANG_WARN_RANGE_LOOP_ANALYSIS = YES;
				CLANG_WARN_STRICT_PROTOTYPES = YES;
				CLANG_WARN_SUSPICIOUS_MOVE = YES;
				CLANG_WARN_UNGUARDED_AVAILABILITY = YES_AGGRESSIVE;
				CLANG_WARN_UNREACHABLE_CODE = YES;
				CLANG_WARN__DUPLICATE_METHOD_MATCH = YES;
				COPY_PHASE_STRIP = NO;
				DEBUG_INFORMATION_FORMAT = "dwarf-with-dsym";
				ENABLE_NS_ASSERTIONS = NO;
				ENABLE_STRICT_OBJC_MSGSEND = YES;
				GCC_C_LANGUAGE_STANDARD = gnu11;
				GCC_NO_COMMON_BLOCKS = YES;
				GCC_WARN_64_TO_32_BIT_CONVERSION = YES;
				GCC_WARN_ABOUT_RETURN_TYPE = YES_ERROR;
				GCC_WARN_UNDECLARED_SELECTOR = YES;
				GCC_WARN_UNINITIALIZED_AUTOS = YES_AGGRESSIVE;
				GCC_WARN_UNUSED_FUNCTION = YES;
				GCC_WARN_UNUSED_VARIABLE = YES;
				IPHONEOS_DEPLOYMENT_TARGET = 14.5;
				MTL_ENABLE_DEBUG_INFO = NO;
				MTL_FAST_MATH = YES;
				SDKROOT = iphoneos;
				SWIFT_COMPILATION_MODE = wholemodule;
				SWIFT_OPTIMIZATION_LEVEL = "-O";
				VALIDATE_PRODUCT = YES;
			};
			name = Release;
		};
		85A4BCA226ECD54C00DCB769 /* Debug */ = {
			isa = XCBuildConfiguration;
			baseConfigurationReference = E0C1FE35469D845B3896F567 /* Pods-megawallet.debug.xcconfig */;
			buildSettings = {
				ASSETCATALOG_COMPILER_APPICON_NAME = AppIcon;
				ASSETCATALOG_COMPILER_GLOBAL_ACCENT_COLOR_NAME = AccentColor;
				CODE_SIGN_STYLE = Automatic;
				DEVELOPMENT_ASSET_PATHS = "\"megawallet/Preview Content\"";
				ENABLE_PREVIEWS = YES;
				INFOPLIST_FILE = megawallet/Info.plist;
				IPHONEOS_DEPLOYMENT_TARGET = 14.0;
				LD_RUNPATH_SEARCH_PATHS = (
					"$(inherited)",
					"@executable_path/Frameworks",
				);
				PRODUCT_BUNDLE_IDENTIFIER = raspberry.megawallet;
				PRODUCT_NAME = "$(TARGET_NAME)";
				SWIFT_VERSION = 5.0;
				TARGETED_DEVICE_FAMILY = "1,2";
			};
			name = Debug;
		};
		85A4BCA326ECD54C00DCB769 /* Release */ = {
			isa = XCBuildConfiguration;
			baseConfigurationReference = AAC857FD914BD63885A05985 /* Pods-megawallet.release.xcconfig */;
			buildSettings = {
				ASSETCATALOG_COMPILER_APPICON_NAME = AppIcon;
				ASSETCATALOG_COMPILER_GLOBAL_ACCENT_COLOR_NAME = AccentColor;
				CODE_SIGN_STYLE = Automatic;
				DEVELOPMENT_ASSET_PATHS = "\"megawallet/Preview Content\"";
				ENABLE_PREVIEWS = YES;
				INFOPLIST_FILE = megawallet/Info.plist;
				IPHONEOS_DEPLOYMENT_TARGET = 14.0;
				LD_RUNPATH_SEARCH_PATHS = (
					"$(inherited)",
					"@executable_path/Frameworks",
				);
				PRODUCT_BUNDLE_IDENTIFIER = raspberry.megawallet;
				PRODUCT_NAME = "$(TARGET_NAME)";
				SWIFT_VERSION = 5.0;
				TARGETED_DEVICE_FAMILY = "1,2";
			};
			name = Release;
		};
/* End XCBuildConfiguration section */

/* Begin XCConfigurationList section */
		85A4BC8D26ECD54A00DCB769 /* Build configuration list for PBXProject "megawallet" */ = {
			isa = XCConfigurationList;
			buildConfigurations = (
				85A4BC9F26ECD54C00DCB769 /* Debug */,
				85A4BCA026ECD54C00DCB769 /* Release */,
			);
			defaultConfigurationIsVisible = 0;
			defaultConfigurationName = Release;
		};
		85A4BCA126ECD54C00DCB769 /* Build configuration list for PBXNativeTarget "megawallet" */ = {
			isa = XCConfigurationList;
			buildConfigurations = (
				85A4BCA226ECD54C00DCB769 /* Debug */,
				85A4BCA326ECD54C00DCB769 /* Release */,
			);
			defaultConfigurationIsVisible = 0;
			defaultConfigurationName = Release;
		};
/* End XCConfigurationList section */
	};
	rootObject = 85A4BC8A26ECD54A00DCB769 /* Project object */;
}
